// !$*UTF8*$!
{
	archiveVersion = 1;
	classes = {
	};
	objectVersion = 55;
	objects = {

/* Begin PBXBuildFile section */
		2D43E1A128A5419F00947040 /* CreateWalletViewController.swift in Sources */ = {isa = PBXBuildFile; fileRef = 2D43E1A028A5419F00947040 /* CreateWalletViewController.swift */; };
		2DA96D9828A69492005F791F /* CreateWalletViewProtocol.swift in Sources */ = {isa = PBXBuildFile; fileRef = 2DA96D9728A69492005F791F /* CreateWalletViewProtocol.swift */; };
		2DA96DAA28A6949D005F791F /* CurrencySelectionAssembly.swift in Sources */ = {isa = PBXBuildFile; fileRef = 2DA96D9B28A6949C005F791F /* CurrencySelectionAssembly.swift */; };
		2DA96DAB28A6949D005F791F /* CurrencySeletionPresenterProtocol.swift in Sources */ = {isa = PBXBuildFile; fileRef = 2DA96D9D28A6949C005F791F /* CurrencySeletionPresenterProtocol.swift */; };
		2DA96DAC28A6949D005F791F /* CurrencySeletionPresenter.swift in Sources */ = {isa = PBXBuildFile; fileRef = 2DA96D9E28A6949C005F791F /* CurrencySeletionPresenter.swift */; };
		2DA96DAD28A6949D005F791F /* CurrencySeletionModel.swift in Sources */ = {isa = PBXBuildFile; fileRef = 2DA96DA028A6949C005F791F /* CurrencySeletionModel.swift */; };
		2DA96DAE28A6949D005F791F /* CurrencySeletionModelProtocol.swift in Sources */ = {isa = PBXBuildFile; fileRef = 2DA96DA128A6949C005F791F /* CurrencySeletionModelProtocol.swift */; };
		2DA96DAF28A6949D005F791F /* CurrencySeletionViewProtocol.swift in Sources */ = {isa = PBXBuildFile; fileRef = 2DA96DA328A6949C005F791F /* CurrencySeletionViewProtocol.swift */; };
		2DA96DB028A6949D005F791F /* CurrencySelectionTableViewCell.swift in Sources */ = {isa = PBXBuildFile; fileRef = 2DA96DA428A6949C005F791F /* CurrencySelectionTableViewCell.swift */; };
		2DA96DB128A6949D005F791F /* CurrencySeletionView.swift in Sources */ = {isa = PBXBuildFile; fileRef = 2DA96DA528A6949C005F791F /* CurrencySeletionView.swift */; };
		2DA96DB228A6949D005F791F /* CurrencySeletionViewController.swift in Sources */ = {isa = PBXBuildFile; fileRef = 2DA96DA628A6949C005F791F /* CurrencySeletionViewController.swift */; };
		2DA96DB328A6949D005F791F /* CurrencySeletionRouterProtocol.swift in Sources */ = {isa = PBXBuildFile; fileRef = 2DA96DA828A6949C005F791F /* CurrencySeletionRouterProtocol.swift */; };
		2DA96DB428A6949D005F791F /* CurrencySeletionRouter.swift in Sources */ = {isa = PBXBuildFile; fileRef = 2DA96DA928A6949C005F791F /* CurrencySeletionRouter.swift */; };
		2DA96DB728A694BC005F791F /* CreateWalletModel.swift in Sources */ = {isa = PBXBuildFile; fileRef = 2DA96DB528A694BC005F791F /* CreateWalletModel.swift */; };
		2DA96DB828A694BC005F791F /* CreateWalletModelProtocol.swift in Sources */ = {isa = PBXBuildFile; fileRef = 2DA96DB628A694BC005F791F /* CreateWalletModelProtocol.swift */; };
		2DA96DBB28A694C3005F791F /* CreateWalletPresenter.swift in Sources */ = {isa = PBXBuildFile; fileRef = 2DA96DB928A694C3005F791F /* CreateWalletPresenter.swift */; };
		2DA96DBC28A694C3005F791F /* CreateWalletPresenterProtocol.swift in Sources */ = {isa = PBXBuildFile; fileRef = 2DA96DBA28A694C3005F791F /* CreateWalletPresenterProtocol.swift */; };
		2DA96DBF28A694C9005F791F /* CreateWalletRouter.swift in Sources */ = {isa = PBXBuildFile; fileRef = 2DA96DBD28A694C9005F791F /* CreateWalletRouter.swift */; };
		2DA96DC028A694C9005F791F /* CreateWalletRouterProtocol.swift in Sources */ = {isa = PBXBuildFile; fileRef = 2DA96DBE28A694C9005F791F /* CreateWalletRouterProtocol.swift */; };
		2DA96DC328A694D3005F791F /* CreateWalletAssembly.swift in Sources */ = {isa = PBXBuildFile; fileRef = 2DA96DC228A694D3005F791F /* CreateWalletAssembly.swift */; };
		2DA96DC728A695CB005F791F /* CreateWalletView.swift in Sources */ = {isa = PBXBuildFile; fileRef = 2DA96DC628A695CB005F791F /* CreateWalletView.swift */; };
		4C77E20E28A654AA002DE431 /* StartScreenViewController.swift in Sources */ = {isa = PBXBuildFile; fileRef = 4C77E20D28A654AA002DE431 /* StartScreenViewController.swift */; };
		4C77E21028A654B8002DE431 /* StartScreenView.swift in Sources */ = {isa = PBXBuildFile; fileRef = 4C77E20F28A654B8002DE431 /* StartScreenView.swift */; };
		68F646E9289D3BAE00DAAE91 /* AppDelegate.swift in Sources */ = {isa = PBXBuildFile; fileRef = 68F646E8289D3BAE00DAAE91 /* AppDelegate.swift */; };
		68F646EB289D3BAE00DAAE91 /* SceneDelegate.swift in Sources */ = {isa = PBXBuildFile; fileRef = 68F646EA289D3BAE00DAAE91 /* SceneDelegate.swift */; };
		68F646ED289D3BAE00DAAE91 /* ViewController.swift in Sources */ = {isa = PBXBuildFile; fileRef = 68F646EC289D3BAE00DAAE91 /* ViewController.swift */; };
		68F646F2289D3BB100DAAE91 /* Assets.xcassets in Resources */ = {isa = PBXBuildFile; fileRef = 68F646F1289D3BB100DAAE91 /* Assets.xcassets */; };
		68F646F5289D3BB100DAAE91 /* LaunchScreen.storyboard in Resources */ = {isa = PBXBuildFile; fileRef = 68F646F3289D3BB100DAAE91 /* LaunchScreen.storyboard */; };
		83AF6EEA28A57D5A00BB91CB /* WalletsListViewController.swift in Sources */ = {isa = PBXBuildFile; fileRef = 83AF6EE928A57D5A00BB91CB /* WalletsListViewController.swift */; };
		83AF6EEC28A57E1500BB91CB /* WalletsListView.swift in Sources */ = {isa = PBXBuildFile; fileRef = 83AF6EEB28A57E1500BB91CB /* WalletsListView.swift */; };
		83AF6EF028A6351600BB91CB /* WalletsListCell.swift in Sources */ = {isa = PBXBuildFile; fileRef = 83AF6EEF28A6351600BB91CB /* WalletsListCell.swift */; };
		83AF6EF228A640C800BB91CB /* Wallet.swift in Sources */ = {isa = PBXBuildFile; fileRef = 83AF6EF128A640C800BB91CB /* Wallet.swift */; };
		83AF6EF628A641E200BB91CB /* WalletsListScreenPresenter.swift in Sources */ = {isa = PBXBuildFile; fileRef = 83AF6EF528A641E200BB91CB /* WalletsListScreenPresenter.swift */; };
		83AF6EFA28A6447C00BB91CB /* Balance.swift in Sources */ = {isa = PBXBuildFile; fileRef = 83AF6EF928A6447C00BB91CB /* Balance.swift */; };
		83AF6EFC28A644B800BB91CB /* Currency.swift in Sources */ = {isa = PBXBuildFile; fileRef = 83AF6EFB28A644B800BB91CB /* Currency.swift */; };
		83AF6F0028A64D2800BB91CB /* WalletsListPresenterProtocol.swift in Sources */ = {isa = PBXBuildFile; fileRef = 83AF6EFF28A64D2800BB91CB /* WalletsListPresenterProtocol.swift */; };
		83AF6F0228A6534100BB91CB /* WalletsListControllerProtocol.swift in Sources */ = {isa = PBXBuildFile; fileRef = 83AF6F0128A6534100BB91CB /* WalletsListControllerProtocol.swift */; };
		83AF6F0628A6869000BB91CB /* WalletsListsControllerAssembly.swift in Sources */ = {isa = PBXBuildFile; fileRef = 83AF6F0528A6869000BB91CB /* WalletsListsControllerAssembly.swift */; };
		B8D42383EFE3F83AF7DEC916 /* Pods_Wallet.framework in Frameworks */ = {isa = PBXBuildFile; fileRef = 1A84D4897DE1B568819F927D /* Pods_Wallet.framework */; };
/* End PBXBuildFile section */

/* Begin PBXFileReference section */
		1A84D4897DE1B568819F927D /* Pods_Wallet.framework */ = {isa = PBXFileReference; explicitFileType = wrapper.framework; includeInIndex = 0; path = Pods_Wallet.framework; sourceTree = BUILT_PRODUCTS_DIR; };
		2D43E1A028A5419F00947040 /* CreateWalletViewController.swift */ = {isa = PBXFileReference; lastKnownFileType = sourcecode.swift; path = CreateWalletViewController.swift; sourceTree = "<group>"; };
		2DA96D9728A69492005F791F /* CreateWalletViewProtocol.swift */ = {isa = PBXFileReference; fileEncoding = 4; lastKnownFileType = sourcecode.swift; path = CreateWalletViewProtocol.swift; sourceTree = "<group>"; };
		2DA96D9B28A6949C005F791F /* CurrencySelectionAssembly.swift */ = {isa = PBXFileReference; fileEncoding = 4; lastKnownFileType = sourcecode.swift; path = CurrencySelectionAssembly.swift; sourceTree = "<group>"; };
		2DA96D9D28A6949C005F791F /* CurrencySeletionPresenterProtocol.swift */ = {isa = PBXFileReference; fileEncoding = 4; lastKnownFileType = sourcecode.swift; path = CurrencySeletionPresenterProtocol.swift; sourceTree = "<group>"; };
		2DA96D9E28A6949C005F791F /* CurrencySeletionPresenter.swift */ = {isa = PBXFileReference; fileEncoding = 4; lastKnownFileType = sourcecode.swift; path = CurrencySeletionPresenter.swift; sourceTree = "<group>"; };
		2DA96DA028A6949C005F791F /* CurrencySeletionModel.swift */ = {isa = PBXFileReference; fileEncoding = 4; lastKnownFileType = sourcecode.swift; path = CurrencySeletionModel.swift; sourceTree = "<group>"; };
		2DA96DA128A6949C005F791F /* CurrencySeletionModelProtocol.swift */ = {isa = PBXFileReference; fileEncoding = 4; lastKnownFileType = sourcecode.swift; path = CurrencySeletionModelProtocol.swift; sourceTree = "<group>"; };
		2DA96DA328A6949C005F791F /* CurrencySeletionViewProtocol.swift */ = {isa = PBXFileReference; fileEncoding = 4; lastKnownFileType = sourcecode.swift; path = CurrencySeletionViewProtocol.swift; sourceTree = "<group>"; };
		2DA96DA428A6949C005F791F /* CurrencySelectionTableViewCell.swift */ = {isa = PBXFileReference; fileEncoding = 4; lastKnownFileType = sourcecode.swift; path = CurrencySelectionTableViewCell.swift; sourceTree = "<group>"; };
		2DA96DA528A6949C005F791F /* CurrencySeletionView.swift */ = {isa = PBXFileReference; fileEncoding = 4; lastKnownFileType = sourcecode.swift; path = CurrencySeletionView.swift; sourceTree = "<group>"; };
		2DA96DA628A6949C005F791F /* CurrencySeletionViewController.swift */ = {isa = PBXFileReference; fileEncoding = 4; lastKnownFileType = sourcecode.swift; path = CurrencySeletionViewController.swift; sourceTree = "<group>"; };
		2DA96DA828A6949C005F791F /* CurrencySeletionRouterProtocol.swift */ = {isa = PBXFileReference; fileEncoding = 4; lastKnownFileType = sourcecode.swift; path = CurrencySeletionRouterProtocol.swift; sourceTree = "<group>"; };
		2DA96DA928A6949C005F791F /* CurrencySeletionRouter.swift */ = {isa = PBXFileReference; fileEncoding = 4; lastKnownFileType = sourcecode.swift; path = CurrencySeletionRouter.swift; sourceTree = "<group>"; };
		2DA96DB528A694BC005F791F /* CreateWalletModel.swift */ = {isa = PBXFileReference; fileEncoding = 4; lastKnownFileType = sourcecode.swift; path = CreateWalletModel.swift; sourceTree = "<group>"; };
		2DA96DB628A694BC005F791F /* CreateWalletModelProtocol.swift */ = {isa = PBXFileReference; fileEncoding = 4; lastKnownFileType = sourcecode.swift; path = CreateWalletModelProtocol.swift; sourceTree = "<group>"; };
		2DA96DB928A694C3005F791F /* CreateWalletPresenter.swift */ = {isa = PBXFileReference; fileEncoding = 4; lastKnownFileType = sourcecode.swift; path = CreateWalletPresenter.swift; sourceTree = "<group>"; };
		2DA96DBA28A694C3005F791F /* CreateWalletPresenterProtocol.swift */ = {isa = PBXFileReference; fileEncoding = 4; lastKnownFileType = sourcecode.swift; path = CreateWalletPresenterProtocol.swift; sourceTree = "<group>"; };
		2DA96DBD28A694C9005F791F /* CreateWalletRouter.swift */ = {isa = PBXFileReference; fileEncoding = 4; lastKnownFileType = sourcecode.swift; path = CreateWalletRouter.swift; sourceTree = "<group>"; };
		2DA96DBE28A694C9005F791F /* CreateWalletRouterProtocol.swift */ = {isa = PBXFileReference; fileEncoding = 4; lastKnownFileType = sourcecode.swift; path = CreateWalletRouterProtocol.swift; sourceTree = "<group>"; };
		2DA96DC228A694D3005F791F /* CreateWalletAssembly.swift */ = {isa = PBXFileReference; fileEncoding = 4; lastKnownFileType = sourcecode.swift; path = CreateWalletAssembly.swift; sourceTree = "<group>"; };
		2DA96DC628A695CB005F791F /* CreateWalletView.swift */ = {isa = PBXFileReference; fileEncoding = 4; lastKnownFileType = sourcecode.swift; path = CreateWalletView.swift; sourceTree = "<group>"; };
		4C77E20D28A654AA002DE431 /* StartScreenViewController.swift */ = {isa = PBXFileReference; lastKnownFileType = sourcecode.swift; path = StartScreenViewController.swift; sourceTree = "<group>"; };
		4C77E20F28A654B8002DE431 /* StartScreenView.swift */ = {isa = PBXFileReference; lastKnownFileType = sourcecode.swift; path = StartScreenView.swift; sourceTree = "<group>"; };
		68F646E5289D3BAE00DAAE91 /* Wallet.app */ = {isa = PBXFileReference; explicitFileType = wrapper.application; includeInIndex = 0; path = Wallet.app; sourceTree = BUILT_PRODUCTS_DIR; };
		68F646E8289D3BAE00DAAE91 /* AppDelegate.swift */ = {isa = PBXFileReference; lastKnownFileType = sourcecode.swift; path = AppDelegate.swift; sourceTree = "<group>"; };
		68F646EA289D3BAE00DAAE91 /* SceneDelegate.swift */ = {isa = PBXFileReference; lastKnownFileType = sourcecode.swift; path = SceneDelegate.swift; sourceTree = "<group>"; };
		68F646EC289D3BAE00DAAE91 /* ViewController.swift */ = {isa = PBXFileReference; lastKnownFileType = sourcecode.swift; path = ViewController.swift; sourceTree = "<group>"; };
		68F646F1289D3BB100DAAE91 /* Assets.xcassets */ = {isa = PBXFileReference; lastKnownFileType = folder.assetcatalog; path = Assets.xcassets; sourceTree = "<group>"; };
		68F646F4289D3BB100DAAE91 /* Base */ = {isa = PBXFileReference; lastKnownFileType = file.storyboard; name = Base; path = Base.lproj/LaunchScreen.storyboard; sourceTree = "<group>"; };
		68F646F6289D3BB100DAAE91 /* Info.plist */ = {isa = PBXFileReference; lastKnownFileType = text.plist.xml; path = Info.plist; sourceTree = "<group>"; };
		74EC7FF8D74674E8D9DB0B71 /* Pods-Wallet.release.xcconfig */ = {isa = PBXFileReference; includeInIndex = 1; lastKnownFileType = text.xcconfig; name = "Pods-Wallet.release.xcconfig"; path = "Target Support Files/Pods-Wallet/Pods-Wallet.release.xcconfig"; sourceTree = "<group>"; };
		83AF6EE928A57D5A00BB91CB /* WalletsListViewController.swift */ = {isa = PBXFileReference; lastKnownFileType = sourcecode.swift; path = WalletsListViewController.swift; sourceTree = "<group>"; };
		83AF6EEB28A57E1500BB91CB /* WalletsListView.swift */ = {isa = PBXFileReference; lastKnownFileType = sourcecode.swift; path = WalletsListView.swift; sourceTree = "<group>"; };
		83AF6EEF28A6351600BB91CB /* WalletsListCell.swift */ = {isa = PBXFileReference; lastKnownFileType = sourcecode.swift; path = WalletsListCell.swift; sourceTree = "<group>"; };
		83AF6EF128A640C800BB91CB /* Wallet.swift */ = {isa = PBXFileReference; lastKnownFileType = sourcecode.swift; path = Wallet.swift; sourceTree = "<group>"; };
		83AF6EF528A641E200BB91CB /* WalletsListScreenPresenter.swift */ = {isa = PBXFileReference; lastKnownFileType = sourcecode.swift; path = WalletsListScreenPresenter.swift; sourceTree = "<group>"; };
		83AF6EF928A6447C00BB91CB /* Balance.swift */ = {isa = PBXFileReference; lastKnownFileType = sourcecode.swift; path = Balance.swift; sourceTree = "<group>"; };
		83AF6EFB28A644B800BB91CB /* Currency.swift */ = {isa = PBXFileReference; lastKnownFileType = sourcecode.swift; path = Currency.swift; sourceTree = "<group>"; };
		83AF6EFF28A64D2800BB91CB /* WalletsListPresenterProtocol.swift */ = {isa = PBXFileReference; lastKnownFileType = sourcecode.swift; path = WalletsListPresenterProtocol.swift; sourceTree = "<group>"; };
		83AF6F0128A6534100BB91CB /* WalletsListControllerProtocol.swift */ = {isa = PBXFileReference; lastKnownFileType = sourcecode.swift; path = WalletsListControllerProtocol.swift; sourceTree = "<group>"; };
		83AF6F0528A6869000BB91CB /* WalletsListsControllerAssembly.swift */ = {isa = PBXFileReference; lastKnownFileType = sourcecode.swift; path = WalletsListsControllerAssembly.swift; sourceTree = "<group>"; };
		F5B7635821AADD5375E7C352 /* Pods-Wallet.debug.xcconfig */ = {isa = PBXFileReference; includeInIndex = 1; lastKnownFileType = text.xcconfig; name = "Pods-Wallet.debug.xcconfig"; path = "Target Support Files/Pods-Wallet/Pods-Wallet.debug.xcconfig"; sourceTree = "<group>"; };
/* End PBXFileReference section */

/* Begin PBXFrameworksBuildPhase section */
		68F646E2289D3BAE00DAAE91 /* Frameworks */ = {
			isa = PBXFrameworksBuildPhase;
			buildActionMask = 2147483647;
			files = (
				B8D42383EFE3F83AF7DEC916 /* Pods_Wallet.framework in Frameworks */,
			);
			runOnlyForDeploymentPostprocessing = 0;
		};
/* End PBXFrameworksBuildPhase section */

/* Begin PBXGroup section */
		0072576D6D0AF4ADFFE4AEAE /* Pods */ = {
			isa = PBXGroup;
			children = (
				F5B7635821AADD5375E7C352 /* Pods-Wallet.debug.xcconfig */,
				74EC7FF8D74674E8D9DB0B71 /* Pods-Wallet.release.xcconfig */,
			);
			path = Pods;
			sourceTree = "<group>";
		};
		22391E3E03B543EF7CFB940D /* Frameworks */ = {
			isa = PBXGroup;
			children = (
				1A84D4897DE1B568819F927D /* Pods_Wallet.framework */,
			);
			name = Frameworks;
			sourceTree = "<group>";
		};
		2D43E19B28A5416A00947040 /* CreateWallet */ = {
			isa = PBXGroup;
			children = (
				2DA96DC128A694D3005F791F /* Asembly */,
				2D43E19C28A5417200947040 /* Model */,
				2D43E19D28A5417600947040 /* View */,
				2D43E19E28A5417D00947040 /* Presenter */,
				2D43E19F28A5418300947040 /* Router */,
			);
			path = CreateWallet;
			sourceTree = "<group>";
		};
		2D43E19C28A5417200947040 /* Model */ = {
			isa = PBXGroup;
			children = (
				2DA96DB528A694BC005F791F /* CreateWalletModel.swift */,
				2DA96DB628A694BC005F791F /* CreateWalletModelProtocol.swift */,
			);
			path = Model;
			sourceTree = "<group>";
		};
		2D43E19D28A5417600947040 /* View */ = {
			isa = PBXGroup;
			children = (
				2DA96D9728A69492005F791F /* CreateWalletViewProtocol.swift */,
				2D43E1A028A5419F00947040 /* CreateWalletViewController.swift */,
				2DA96DC628A695CB005F791F /* CreateWalletView.swift */,
			);
			path = View;
			sourceTree = "<group>";
		};
		2D43E19E28A5417D00947040 /* Presenter */ = {
			isa = PBXGroup;
			children = (
				2DA96DB928A694C3005F791F /* CreateWalletPresenter.swift */,
				2DA96DBA28A694C3005F791F /* CreateWalletPresenterProtocol.swift */,
			);
			path = Presenter;
			sourceTree = "<group>";
		};
		2D43E19F28A5418300947040 /* Router */ = {
			isa = PBXGroup;
			children = (
				2DA96DBD28A694C9005F791F /* CreateWalletRouter.swift */,
				2DA96DBE28A694C9005F791F /* CreateWalletRouterProtocol.swift */,
			);
			path = Router;
			sourceTree = "<group>";
		};
		2DA96D9928A6949C005F791F /* CurrencySelection */ = {
			isa = PBXGroup;
			children = (
				2DA96D9A28A6949C005F791F /* Assembly */,
				2DA96D9C28A6949C005F791F /* Presenter */,
				2DA96D9F28A6949C005F791F /* Model */,
				2DA96DA228A6949C005F791F /* View */,
				2DA96DA728A6949C005F791F /* Router */,
			);
			path = CurrencySelection;
			sourceTree = "<group>";
		};
		2DA96D9A28A6949C005F791F /* Assembly */ = {
			isa = PBXGroup;
			children = (
				2DA96D9B28A6949C005F791F /* CurrencySelectionAssembly.swift */,
			);
			path = Assembly;
			sourceTree = "<group>";
		};
		2DA96D9C28A6949C005F791F /* Presenter */ = {
			isa = PBXGroup;
			children = (
				2DA96D9D28A6949C005F791F /* CurrencySeletionPresenterProtocol.swift */,
				2DA96D9E28A6949C005F791F /* CurrencySeletionPresenter.swift */,
			);
			path = Presenter;
			sourceTree = "<group>";
		};
		2DA96D9F28A6949C005F791F /* Model */ = {
			isa = PBXGroup;
			children = (
				2DA96DA028A6949C005F791F /* CurrencySeletionModel.swift */,
				2DA96DA128A6949C005F791F /* CurrencySeletionModelProtocol.swift */,
			);
			path = Model;
			sourceTree = "<group>";
		};
		2DA96DA228A6949C005F791F /* View */ = {
			isa = PBXGroup;
			children = (
				2DA96DA328A6949C005F791F /* CurrencySeletionViewProtocol.swift */,
				2DA96DA428A6949C005F791F /* CurrencySelectionTableViewCell.swift */,
				2DA96DA528A6949C005F791F /* CurrencySeletionView.swift */,
				2DA96DA628A6949C005F791F /* CurrencySeletionViewController.swift */,
			);
			path = View;
			sourceTree = "<group>";
		};
		2DA96DA728A6949C005F791F /* Router */ = {
			isa = PBXGroup;
			children = (
				2DA96DA828A6949C005F791F /* CurrencySeletionRouterProtocol.swift */,
				2DA96DA928A6949C005F791F /* CurrencySeletionRouter.swift */,
			);
			path = Router;
			sourceTree = "<group>";
		};
		2DA96DC128A694D3005F791F /* Asembly */ = {
			isa = PBXGroup;
			children = (
				2DA96DC228A694D3005F791F /* CreateWalletAssembly.swift */,
			);
			path = Asembly;
			sourceTree = "<group>";
		};
		4C77E20C28A65489002DE431 /* StartScreen */ = {
			isa = PBXGroup;
			children = (
				4C9745AF28A678680069685F /* Router */,
				4C9745AE28A6785F0069685F /* Presenter */,
				4C9745AD28A678500069685F /* Model */,
				4C9745AC28A678470069685F /* View */,
			);
			path = StartScreen;
			sourceTree = "<group>";
		};
		4C9745AC28A678470069685F /* View */ = {
			isa = PBXGroup;
			children = (
				4C77E20D28A654AA002DE431 /* StartScreenViewController.swift */,
				4C77E20F28A654B8002DE431 /* StartScreenView.swift */,
			);
			path = View;
			sourceTree = "<group>";
		};
		4C9745AD28A678500069685F /* Model */ = {
			isa = PBXGroup;
			children = (
			);
			path = Model;
			sourceTree = "<group>";
		};
		4C9745AE28A6785F0069685F /* Presenter */ = {
			isa = PBXGroup;
			children = (
			);
			path = Presenter;
			sourceTree = "<group>";
		};
		4C9745AF28A678680069685F /* Router */ = {
			isa = PBXGroup;
			children = (
			);
			path = Router;
			sourceTree = "<group>";
		};
		68F646DC289D3BAE00DAAE91 = {
			isa = PBXGroup;
			children = (
				68F646E7289D3BAE00DAAE91 /* Wallet */,
				68F646E6289D3BAE00DAAE91 /* Products */,
				0072576D6D0AF4ADFFE4AEAE /* Pods */,
				22391E3E03B543EF7CFB940D /* Frameworks */,
			);
			sourceTree = "<group>";
		};
		68F646E6289D3BAE00DAAE91 /* Products */ = {
			isa = PBXGroup;
			children = (
				68F646E5289D3BAE00DAAE91 /* Wallet.app */,
			);
			name = Products;
			sourceTree = "<group>";
		};
		68F646E7289D3BAE00DAAE91 /* Wallet */ = {
			isa = PBXGroup;
			children = (
				68F6A284289D3DA900DAAE91 /* UI */,
				68F646E8289D3BAE00DAAE91 /* AppDelegate.swift */,
				68F646EA289D3BAE00DAAE91 /* SceneDelegate.swift */,
				68F6A283289D3D9F00DAAE91 /* SupportingFiles */,
			);
			path = Wallet;
			sourceTree = "<group>";
		};
		68F6A283289D3D9F00DAAE91 /* SupportingFiles */ = {
			isa = PBXGroup;
			children = (
				68F646F1289D3BB100DAAE91 /* Assets.xcassets */,
				68F646F3289D3BB100DAAE91 /* LaunchScreen.storyboard */,
				68F646F6289D3BB100DAAE91 /* Info.plist */,
			);
			path = SupportingFiles;
			sourceTree = "<group>";
		};
		68F6A284289D3DA900DAAE91 /* UI */ = {
			isa = PBXGroup;
			children = (
				2DA96D9928A6949C005F791F /* CurrencySelection */,
				4C77E20C28A65489002DE431 /* StartScreen */,
				83AF6EE428A57CBF00BB91CB /* WalletsList */,
				2D43E19B28A5416A00947040 /* CreateWallet */,
				68F6A285289D3DAD00DAAE91 /* Presentation */,
			);
			path = UI;
			sourceTree = "<group>";
		};
		68F6A285289D3DAD00DAAE91 /* Presentation */ = {
			isa = PBXGroup;
			children = (
				68F646EC289D3BAE00DAAE91 /* ViewController.swift */,
			);
			path = Presentation;
			sourceTree = "<group>";
		};
		83AF6EE428A57CBF00BB91CB /* WalletsList */ = {
			isa = PBXGroup;
			children = (
				83AF6F0428A6862C00BB91CB /* Assembly */,
				83AF6EE828A57D1D00BB91CB /* Router */,
				83AF6EE728A57D1300BB91CB /* Presenter */,
				83AF6EE628A57D0D00BB91CB /* View */,
				83AF6EE528A57D0400BB91CB /* Model */,
			);
			path = WalletsList;
			sourceTree = "<group>";
		};
		83AF6EE528A57D0400BB91CB /* Model */ = {
			isa = PBXGroup;
			children = (
				83AF6F0328A677A500BB91CB /* Data */,
			);
			path = Model;
			sourceTree = "<group>";
		};
		83AF6EE628A57D0D00BB91CB /* View */ = {
			isa = PBXGroup;
			children = (
				83AF6EE928A57D5A00BB91CB /* WalletsListViewController.swift */,
				83AF6EEB28A57E1500BB91CB /* WalletsListView.swift */,
				83AF6EEF28A6351600BB91CB /* WalletsListCell.swift */,
				83AF6F0128A6534100BB91CB /* WalletsListControllerProtocol.swift */,
			);
			path = View;
			sourceTree = "<group>";
		};
		83AF6EE728A57D1300BB91CB /* Presenter */ = {
			isa = PBXGroup;
			children = (
				83AF6EF528A641E200BB91CB /* WalletsListScreenPresenter.swift */,
				83AF6EFF28A64D2800BB91CB /* WalletsListPresenterProtocol.swift */,
			);
			path = Presenter;
			sourceTree = "<group>";
		};
		83AF6EE828A57D1D00BB91CB /* Router */ = {
			isa = PBXGroup;
			children = (
			);
			path = Router;
			sourceTree = "<group>";
		};
		83AF6F0328A677A500BB91CB /* Data */ = {
			isa = PBXGroup;
			children = (
				83AF6EF128A640C800BB91CB /* Wallet.swift */,
				83AF6EF928A6447C00BB91CB /* Balance.swift */,
				83AF6EFB28A644B800BB91CB /* Currency.swift */,
			);
			path = Data;
			sourceTree = "<group>";
		};
		83AF6F0428A6862C00BB91CB /* Assembly */ = {
			isa = PBXGroup;
			children = (
				83AF6F0528A6869000BB91CB /* WalletsListsControllerAssembly.swift */,
			);
			path = Assembly;
			sourceTree = "<group>";
		};
/* End PBXGroup section */

/* Begin PBXNativeTarget section */
		68F646E4289D3BAE00DAAE91 /* Wallet */ = {
			isa = PBXNativeTarget;
			buildConfigurationList = 68F646F9289D3BB100DAAE91 /* Build configuration list for PBXNativeTarget "Wallet" */;
			buildPhases = (
				AD11F2AD1B069ED1A22D6249 /* [CP] Check Pods Manifest.lock */,
				68F646E1289D3BAE00DAAE91 /* Sources */,
				68F646E2289D3BAE00DAAE91 /* Frameworks */,
				68F646E3289D3BAE00DAAE91 /* Resources */,
				68A01833289D557C00E32C01 /* SwiftLint */,
				7BAB1110E153B86B9E682024 /* [CP] Embed Pods Frameworks */,
			);
			buildRules = (
			);
			dependencies = (
			);
			name = Wallet;
			productName = Wallet;
			productReference = 68F646E5289D3BAE00DAAE91 /* Wallet.app */;
			productType = "com.apple.product-type.application";
		};
/* End PBXNativeTarget section */

/* Begin PBXProject section */
		68F646DD289D3BAE00DAAE91 /* Project object */ = {
			isa = PBXProject;
			attributes = {
				BuildIndependentTargetsInParallel = 1;
				LastSwiftUpdateCheck = 1340;
				LastUpgradeCheck = 1340;
				TargetAttributes = {
					68F646E4289D3BAE00DAAE91 = {
						CreatedOnToolsVersion = 13.4.1;
					};
				};
			};
			buildConfigurationList = 68F646E0289D3BAE00DAAE91 /* Build configuration list for PBXProject "Wallet" */;
			compatibilityVersion = "Xcode 13.0";
			developmentRegion = en;
			hasScannedForEncodings = 0;
			knownRegions = (
				en,
				Base,
			);
			mainGroup = 68F646DC289D3BAE00DAAE91;
			productRefGroup = 68F646E6289D3BAE00DAAE91 /* Products */;
			projectDirPath = "";
			projectRoot = "";
			targets = (
				68F646E4289D3BAE00DAAE91 /* Wallet */,
			);
		};
/* End PBXProject section */

/* Begin PBXResourcesBuildPhase section */
		68F646E3289D3BAE00DAAE91 /* Resources */ = {
			isa = PBXResourcesBuildPhase;
			buildActionMask = 2147483647;
			files = (
				68F646F5289D3BB100DAAE91 /* LaunchScreen.storyboard in Resources */,
				68F646F2289D3BB100DAAE91 /* Assets.xcassets in Resources */,
			);
			runOnlyForDeploymentPostprocessing = 0;
		};
/* End PBXResourcesBuildPhase section */

/* Begin PBXShellScriptBuildPhase section */
		68A01833289D557C00E32C01 /* SwiftLint */ = {
			isa = PBXShellScriptBuildPhase;
			buildActionMask = 2147483647;
			files = (
			);
			inputFileListPaths = (
			);
			inputPaths = (
			);
			name = SwiftLint;
			outputFileListPaths = (
			);
			outputPaths = (
			);
			runOnlyForDeploymentPostprocessing = 0;
			shellPath = /bin/sh;
			shellScript = "if which \"${PODS_ROOT}/SwiftLint/swiftlint\" > /dev/null; then\n  \"${PODS_ROOT}/SwiftLint/swiftlint\"\nelse\n  echo \"warning: SwiftLint not installed, download from https://github.com/realm/SwiftLint\"\nfi\n";
		};
		7BAB1110E153B86B9E682024 /* [CP] Embed Pods Frameworks */ = {
			isa = PBXShellScriptBuildPhase;
			buildActionMask = 2147483647;
			files = (
			);
			inputFileListPaths = (
				"${PODS_ROOT}/Target Support Files/Pods-Wallet/Pods-Wallet-frameworks-${CONFIGURATION}-input-files.xcfilelist",
			);
			name = "[CP] Embed Pods Frameworks";
			outputFileListPaths = (
				"${PODS_ROOT}/Target Support Files/Pods-Wallet/Pods-Wallet-frameworks-${CONFIGURATION}-output-files.xcfilelist",
			);
			runOnlyForDeploymentPostprocessing = 0;
			shellPath = /bin/sh;
			shellScript = "\"${PODS_ROOT}/Target Support Files/Pods-Wallet/Pods-Wallet-frameworks.sh\"\n";
			showEnvVarsInLog = 0;
		};
		AD11F2AD1B069ED1A22D6249 /* [CP] Check Pods Manifest.lock */ = {
			isa = PBXShellScriptBuildPhase;
			buildActionMask = 2147483647;
			files = (
			);
			inputFileListPaths = (
			);
			inputPaths = (
				"${PODS_PODFILE_DIR_PATH}/Podfile.lock",
				"${PODS_ROOT}/Manifest.lock",
			);
			name = "[CP] Check Pods Manifest.lock";
			outputFileListPaths = (
			);
			outputPaths = (
				"$(DERIVED_FILE_DIR)/Pods-Wallet-checkManifestLockResult.txt",
			);
			runOnlyForDeploymentPostprocessing = 0;
			shellPath = /bin/sh;
			shellScript = "diff \"${PODS_PODFILE_DIR_PATH}/Podfile.lock\" \"${PODS_ROOT}/Manifest.lock\" > /dev/null\nif [ $? != 0 ] ; then\n    # print error to STDERR\n    echo \"error: The sandbox is not in sync with the Podfile.lock. Run 'pod install' or update your CocoaPods installation.\" >&2\n    exit 1\nfi\n# This output is used by Xcode 'outputs' to avoid re-running this script phase.\necho \"SUCCESS\" > \"${SCRIPT_OUTPUT_FILE_0}\"\n";
			showEnvVarsInLog = 0;
		};
/* End PBXShellScriptBuildPhase section */

/* Begin PBXSourcesBuildPhase section */
		68F646E1289D3BAE00DAAE91 /* Sources */ = {
			isa = PBXSourcesBuildPhase;
			buildActionMask = 2147483647;
			files = (
				2DA96DAF28A6949D005F791F /* CurrencySeletionViewProtocol.swift in Sources */,
				2DA96DAA28A6949D005F791F /* CurrencySelectionAssembly.swift in Sources */,
				83AF6EF028A6351600BB91CB /* WalletsListCell.swift in Sources */,
				2DA96D9828A69492005F791F /* CreateWalletViewProtocol.swift in Sources */,
				2DA96DB328A6949D005F791F /* CurrencySeletionRouterProtocol.swift in Sources */,
				2DA96DBF28A694C9005F791F /* CreateWalletRouter.swift in Sources */,
				68F646ED289D3BAE00DAAE91 /* ViewController.swift in Sources */,
				2DA96DC028A694C9005F791F /* CreateWalletRouterProtocol.swift in Sources */,
				2DA96DB828A694BC005F791F /* CreateWalletModelProtocol.swift in Sources */,
				2DA96DC728A695CB005F791F /* CreateWalletView.swift in Sources */,
				4C77E21028A654B8002DE431 /* StartScreenView.swift in Sources */,
				83AF6F0628A6869000BB91CB /* WalletsListsControllerAssembly.swift in Sources */,
				2DA96DB728A694BC005F791F /* CreateWalletModel.swift in Sources */,
				83AF6EEA28A57D5A00BB91CB /* WalletsListViewController.swift in Sources */,
				2DA96DBB28A694C3005F791F /* CreateWalletPresenter.swift in Sources */,
				2DA96DAD28A6949D005F791F /* CurrencySeletionModel.swift in Sources */,
				83AF6EEC28A57E1500BB91CB /* WalletsListView.swift in Sources */,
				68F646E9289D3BAE00DAAE91 /* AppDelegate.swift in Sources */,
				2DA96DB028A6949D005F791F /* CurrencySelectionTableViewCell.swift in Sources */,
				83AF6EF228A640C800BB91CB /* Wallet.swift in Sources */,
				83AF6EF628A641E200BB91CB /* WalletsListScreenPresenter.swift in Sources */,
				2DA96DAC28A6949D005F791F /* CurrencySeletionPresenter.swift in Sources */,
				83AF6F0028A64D2800BB91CB /* WalletsListPresenterProtocol.swift in Sources */,
				83AF6F0228A6534100BB91CB /* WalletsListControllerProtocol.swift in Sources */,
				2DA96DB128A6949D005F791F /* CurrencySeletionView.swift in Sources */,
				2DA96DAE28A6949D005F791F /* CurrencySeletionModelProtocol.swift in Sources */,
				2DA96DC328A694D3005F791F /* CreateWalletAssembly.swift in Sources */,
				83AF6EFC28A644B800BB91CB /* Currency.swift in Sources */,
				2D43E1A128A5419F00947040 /* CreateWalletViewController.swift in Sources */,
				68F646EB289D3BAE00DAAE91 /* SceneDelegate.swift in Sources */,
				4C77E20E28A654AA002DE431 /* StartScreenViewController.swift in Sources */,
				2DA96DB428A6949D005F791F /* CurrencySeletionRouter.swift in Sources */,
				2DA96DAB28A6949D005F791F /* CurrencySeletionPresenterProtocol.swift in Sources */,
				83AF6EFA28A6447C00BB91CB /* Balance.swift in Sources */,
				2DA96DB228A6949D005F791F /* CurrencySeletionViewController.swift in Sources */,
				2DA96DBC28A694C3005F791F /* CreateWalletPresenterProtocol.swift in Sources */,
			);
			runOnlyForDeploymentPostprocessing = 0;
		};
/* End PBXSourcesBuildPhase section */

/* Begin PBXVariantGroup section */
		68F646F3289D3BB100DAAE91 /* LaunchScreen.storyboard */ = {
			isa = PBXVariantGroup;
			children = (
				68F646F4289D3BB100DAAE91 /* Base */,
			);
			name = LaunchScreen.storyboard;
			sourceTree = "<group>";
		};
/* End PBXVariantGroup section */

/* Begin XCBuildConfiguration section */
		68F646F7289D3BB100DAAE91 /* Debug */ = {
			isa = XCBuildConfiguration;
			buildSettings = {
				ALWAYS_SEARCH_USER_PATHS = NO;
				CLANG_ANALYZER_NONNULL = YES;
				CLANG_ANALYZER_NUMBER_OBJECT_CONVERSION = YES_AGGRESSIVE;
				CLANG_CXX_LANGUAGE_STANDARD = "gnu++17";
				CLANG_ENABLE_MODULES = YES;
				CLANG_ENABLE_OBJC_ARC = YES;
				CLANG_ENABLE_OBJC_WEAK = YES;
				CLANG_WARN_BLOCK_CAPTURE_AUTORELEASING = YES;
				CLANG_WARN_BOOL_CONVERSION = YES;
				CLANG_WARN_COMMA = YES;
				CLANG_WARN_CONSTANT_CONVERSION = YES;
				CLANG_WARN_DEPRECATED_OBJC_IMPLEMENTATIONS = YES;
				CLANG_WARN_DIRECT_OBJC_ISA_USAGE = YES_ERROR;
				CLANG_WARN_DOCUMENTATION_COMMENTS = YES;
				CLANG_WARN_EMPTY_BODY = YES;
				CLANG_WARN_ENUM_CONVERSION = YES;
				CLANG_WARN_INFINITE_RECURSION = YES;
				CLANG_WARN_INT_CONVERSION = YES;
				CLANG_WARN_NON_LITERAL_NULL_CONVERSION = YES;
				CLANG_WARN_OBJC_IMPLICIT_RETAIN_SELF = YES;
				CLANG_WARN_OBJC_LITERAL_CONVERSION = YES;
				CLANG_WARN_OBJC_ROOT_CLASS = YES_ERROR;
				CLANG_WARN_QUOTED_INCLUDE_IN_FRAMEWORK_HEADER = YES;
				CLANG_WARN_RANGE_LOOP_ANALYSIS = YES;
				CLANG_WARN_STRICT_PROTOTYPES = YES;
				CLANG_WARN_SUSPICIOUS_MOVE = YES;
				CLANG_WARN_UNGUARDED_AVAILABILITY = YES_AGGRESSIVE;
				CLANG_WARN_UNREACHABLE_CODE = YES;
				CLANG_WARN__DUPLICATE_METHOD_MATCH = YES;
				COPY_PHASE_STRIP = NO;
				DEBUG_INFORMATION_FORMAT = dwarf;
				ENABLE_STRICT_OBJC_MSGSEND = YES;
				ENABLE_TESTABILITY = YES;
				GCC_C_LANGUAGE_STANDARD = gnu11;
				GCC_DYNAMIC_NO_PIC = NO;
				GCC_NO_COMMON_BLOCKS = YES;
				GCC_OPTIMIZATION_LEVEL = 0;
				GCC_PREPROCESSOR_DEFINITIONS = (
					"DEBUG=1",
					"$(inherited)",
				);
				GCC_WARN_64_TO_32_BIT_CONVERSION = YES;
				GCC_WARN_ABOUT_RETURN_TYPE = YES_ERROR;
				GCC_WARN_UNDECLARED_SELECTOR = YES;
				GCC_WARN_UNINITIALIZED_AUTOS = YES_AGGRESSIVE;
				GCC_WARN_UNUSED_FUNCTION = YES;
				GCC_WARN_UNUSED_VARIABLE = YES;
				IPHONEOS_DEPLOYMENT_TARGET = 13.0;
				MTL_ENABLE_DEBUG_INFO = INCLUDE_SOURCE;
				MTL_FAST_MATH = YES;
				ONLY_ACTIVE_ARCH = YES;
				SDKROOT = iphoneos;
				SWIFT_ACTIVE_COMPILATION_CONDITIONS = DEBUG;
				SWIFT_OPTIMIZATION_LEVEL = "-Onone";
			};
			name = Debug;
		};
		68F646F8289D3BB100DAAE91 /* Release */ = {
			isa = XCBuildConfiguration;
			buildSettings = {
				ALWAYS_SEARCH_USER_PATHS = NO;
				CLANG_ANALYZER_NONNULL = YES;
				CLANG_ANALYZER_NUMBER_OBJECT_CONVERSION = YES_AGGRESSIVE;
				CLANG_CXX_LANGUAGE_STANDARD = "gnu++17";
				CLANG_ENABLE_MODULES = YES;
				CLANG_ENABLE_OBJC_ARC = YES;
				CLANG_ENABLE_OBJC_WEAK = YES;
				CLANG_WARN_BLOCK_CAPTURE_AUTORELEASING = YES;
				CLANG_WARN_BOOL_CONVERSION = YES;
				CLANG_WARN_COMMA = YES;
				CLANG_WARN_CONSTANT_CONVERSION = YES;
				CLANG_WARN_DEPRECATED_OBJC_IMPLEMENTATIONS = YES;
				CLANG_WARN_DIRECT_OBJC_ISA_USAGE = YES_ERROR;
				CLANG_WARN_DOCUMENTATION_COMMENTS = YES;
				CLANG_WARN_EMPTY_BODY = YES;
				CLANG_WARN_ENUM_CONVERSION = YES;
				CLANG_WARN_INFINITE_RECURSION = YES;
				CLANG_WARN_INT_CONVERSION = YES;
				CLANG_WARN_NON_LITERAL_NULL_CONVERSION = YES;
				CLANG_WARN_OBJC_IMPLICIT_RETAIN_SELF = YES;
				CLANG_WARN_OBJC_LITERAL_CONVERSION = YES;
				CLANG_WARN_OBJC_ROOT_CLASS = YES_ERROR;
				CLANG_WARN_QUOTED_INCLUDE_IN_FRAMEWORK_HEADER = YES;
				CLANG_WARN_RANGE_LOOP_ANALYSIS = YES;
				CLANG_WARN_STRICT_PROTOTYPES = YES;
				CLANG_WARN_SUSPICIOUS_MOVE = YES;
				CLANG_WARN_UNGUARDED_AVAILABILITY = YES_AGGRESSIVE;
				CLANG_WARN_UNREACHABLE_CODE = YES;
				CLANG_WARN__DUPLICATE_METHOD_MATCH = YES;
				COPY_PHASE_STRIP = NO;
				DEBUG_INFORMATION_FORMAT = "dwarf-with-dsym";
				ENABLE_NS_ASSERTIONS = NO;
				ENABLE_STRICT_OBJC_MSGSEND = YES;
				GCC_C_LANGUAGE_STANDARD = gnu11;
				GCC_NO_COMMON_BLOCKS = YES;
				GCC_WARN_64_TO_32_BIT_CONVERSION = YES;
				GCC_WARN_ABOUT_RETURN_TYPE = YES_ERROR;
				GCC_WARN_UNDECLARED_SELECTOR = YES;
				GCC_WARN_UNINITIALIZED_AUTOS = YES_AGGRESSIVE;
				GCC_WARN_UNUSED_FUNCTION = YES;
				GCC_WARN_UNUSED_VARIABLE = YES;
				IPHONEOS_DEPLOYMENT_TARGET = 13.0;
				MTL_ENABLE_DEBUG_INFO = NO;
				MTL_FAST_MATH = YES;
				SDKROOT = iphoneos;
				SWIFT_COMPILATION_MODE = wholemodule;
				SWIFT_OPTIMIZATION_LEVEL = "-O";
				VALIDATE_PRODUCT = YES;
			};
			name = Release;
		};
		68F646FA289D3BB100DAAE91 /* Debug */ = {
			isa = XCBuildConfiguration;
			baseConfigurationReference = F5B7635821AADD5375E7C352 /* Pods-Wallet.debug.xcconfig */;
			buildSettings = {
				ASSETCATALOG_COMPILER_APPICON_NAME = AppIcon;
				ASSETCATALOG_COMPILER_GLOBAL_ACCENT_COLOR_NAME = AccentColor;
				CODE_SIGN_STYLE = Automatic;
				CURRENT_PROJECT_VERSION = 1;
				DEVELOPMENT_TEAM = 54MQ4J5X52;
				GENERATE_INFOPLIST_FILE = YES;
				INFOPLIST_FILE = Wallet/SupportingFiles/Info.plist;
				INFOPLIST_KEY_UIApplicationSupportsIndirectInputEvents = YES;
				INFOPLIST_KEY_UILaunchStoryboardName = LaunchScreen;
				INFOPLIST_KEY_UISupportedInterfaceOrientations_iPad = "UIInterfaceOrientationPortrait UIInterfaceOrientationPortraitUpsideDown UIInterfaceOrientationLandscapeLeft UIInterfaceOrientationLandscapeRight";
				INFOPLIST_KEY_UISupportedInterfaceOrientations_iPhone = "UIInterfaceOrientationPortrait UIInterfaceOrientationLandscapeLeft UIInterfaceOrientationLandscapeRight";
				IPHONEOS_DEPLOYMENT_TARGET = 13.0;
				LD_RUNPATH_SEARCH_PATHS = (
					"$(inherited)",
					"@executable_path/Frameworks",
				);
				MARKETING_VERSION = 1.0;
				PRODUCT_BUNDLE_IDENTIFIER = "ru.tinkoff.Wallet-D";
				PRODUCT_NAME = "$(TARGET_NAME)";
				SWIFT_EMIT_LOC_STRINGS = YES;
				SWIFT_VERSION = 5.0;
				TARGETED_DEVICE_FAMILY = 1;
			};
			name = Debug;
		};
		68F646FB289D3BB100DAAE91 /* Release */ = {
			isa = XCBuildConfiguration;
			baseConfigurationReference = 74EC7FF8D74674E8D9DB0B71 /* Pods-Wallet.release.xcconfig */;
			buildSettings = {
				ASSETCATALOG_COMPILER_APPICON_NAME = AppIcon;
				ASSETCATALOG_COMPILER_GLOBAL_ACCENT_COLOR_NAME = AccentColor;
				CODE_SIGN_STYLE = Automatic;
				CURRENT_PROJECT_VERSION = 1;
				DEVELOPMENT_TEAM = 54MQ4J5X52;
				GENERATE_INFOPLIST_FILE = YES;
				INFOPLIST_FILE = Wallet/SupportingFiles/Info.plist;
				INFOPLIST_KEY_UIApplicationSupportsIndirectInputEvents = YES;
				INFOPLIST_KEY_UILaunchStoryboardName = LaunchScreen;
				INFOPLIST_KEY_UISupportedInterfaceOrientations_iPad = "UIInterfaceOrientationPortrait UIInterfaceOrientationPortraitUpsideDown UIInterfaceOrientationLandscapeLeft UIInterfaceOrientationLandscapeRight";
				INFOPLIST_KEY_UISupportedInterfaceOrientations_iPhone = "UIInterfaceOrientationPortrait UIInterfaceOrientationLandscapeLeft UIInterfaceOrientationLandscapeRight";
				IPHONEOS_DEPLOYMENT_TARGET = 13.0;
				LD_RUNPATH_SEARCH_PATHS = (
					"$(inherited)",
					"@executable_path/Frameworks",
				);
				MARKETING_VERSION = 1.0;
				PRODUCT_BUNDLE_IDENTIFIER = "ru.tinkoff.Wallet-D";
				PRODUCT_NAME = "$(TARGET_NAME)";
				SWIFT_EMIT_LOC_STRINGS = YES;
				SWIFT_VERSION = 5.0;
				TARGETED_DEVICE_FAMILY = 1;
			};
			name = Release;
		};
/* End XCBuildConfiguration section */

/* Begin XCConfigurationList section */
		68F646E0289D3BAE00DAAE91 /* Build configuration list for PBXProject "Wallet" */ = {
			isa = XCConfigurationList;
			buildConfigurations = (
				68F646F7289D3BB100DAAE91 /* Debug */,
				68F646F8289D3BB100DAAE91 /* Release */,
			);
			defaultConfigurationIsVisible = 0;
			defaultConfigurationName = Release;
		};
		68F646F9289D3BB100DAAE91 /* Build configuration list for PBXNativeTarget "Wallet" */ = {
			isa = XCConfigurationList;
			buildConfigurations = (
				68F646FA289D3BB100DAAE91 /* Debug */,
				68F646FB289D3BB100DAAE91 /* Release */,
			);
			defaultConfigurationIsVisible = 0;
			defaultConfigurationName = Release;
		};
/* End XCConfigurationList section */
	};
	rootObject = 68F646DD289D3BAE00DAAE91 /* Project object */;
}
