PODS:
  - SnapKit (5.6.0)
  - SwiftLint (0.48.0)
  - WalletDesignKit (0.1.0)

DEPENDENCIES:
  - SnapKit (~> 5.6.0)
  - SwiftLint (= 0.48.0)
  - WalletDesignKit (from `WalletDesignKit/WalletDesignKit.podspec`)

SPEC REPOS:
  trunk:
    - SnapKit
    - SwiftLint

EXTERNAL SOURCES:
  WalletDesignKit:
    :path: WalletDesignKit/WalletDesignKit.podspec

SPEC CHECKSUMS:
  SnapKit: e01d52ebb8ddbc333eefe2132acf85c8227d9c25
  SwiftLint: 284cea64b6187c5d6bd83e9a548a64104d546447
  WalletDesignKit: 25d53eb2df8bb9d6637e8646479fbb7e3a9952c7

PODFILE CHECKSUM: e8942f1427409903056829dff54020370c824146

COCOAPODS: 1.10.1
